
Microsoft Visual Studio Solution File, Format Version 12.00
# Visual Studio Version 17
VisualStudioVersion = 17.14.36121.58
MinimumVisualStudioVersion = 10.0.40219.1
Project("{FAE04EC0-301F-11D3-BF4B-00C04F79EFBC}") = "OldPhonePadChallenge", "OldPhonePadChallenge\OldPhonePadChallenge.csproj", "{EF250AAE-026F-4FF4-CD29-E4AE543AED6B}"
EndProject
Project("{FAE04EC0-301F-11D3-BF4B-00C04F79EFBC}") = "OldPhonePadChallengeUnitTest", "OldPhonePadChallengeUnitTest\OldPhonePadChallengeUnitTest.csproj", "{BBC20036-500B-4B9E-65D2-73E189B67367}"
EndProject
Global
	GlobalSection(SolutionConfigurationPlatforms) = preSolution
		Debug|Any CPU = Debug|Any CPU
		Release|Any CPU = Release|Any CPU
	EndGlobalSection
	GlobalSection(ProjectConfigurationPlatforms) = postSolution
		{EF250AAE-026F-4FF4-CD29-E4AE543AED6B}.Debug|Any CPU.ActiveCfg = Debug|Any CPU
		{EF250AAE-026F-4FF4-CD29-E4AE543AED6B}.Debug|Any CPU.Build.0 = Debug|Any CPU
		{EF250AAE-026F-4FF4-CD29-E4AE543AED6B}.Release|Any CPU.ActiveCfg = Release|Any CPU
		{EF250AAE-026F-4FF4-CD29-E4AE543AED6B}.Release|Any CPU.Build.0 = Release|Any CPU
		{BBC20036-500B-4B9E-65D2-73E189B67367}.Debug|Any CPU.ActiveCfg = Debug|Any CPU
		{BBC20036-500B-4B9E-65D2-73E189B67367}.Debug|Any CPU.Build.0 = Debug|Any CPU
		{BBC20036-500B-4B9E-65D2-73E189B67367}.Release|Any CPU.ActiveCfg = Release|Any CPU
		{BBC20036-500B-4B9E-65D2-73E189B67367}.Release|Any CPU.Build.0 = Release|Any CPU
	EndGlobalSection
	GlobalSection(SolutionProperties) = preSolution
		HideSolutionNode = FALSE
	EndGlobalSection
	GlobalSection(ExtensibilityGlobals) = postSolution
		SolutionGuid = {2509AD74-A4D3-4408-B65E-C0A57F1D8491}
	EndGlobalSection
EndGlobal
